
Microsoft Visual Studio Solution File, Format Version 12.00
# Visual Studio 15
VisualStudioVersion = 15.0.28307.489
MinimumVisualStudioVersion = 10.0.40219.1
Project("{FAE04EC0-301F-11D3-BF4B-00C04F79EFBC}") = "NotificationManagementApps", "301025717(TRINH)_ASS1\NotificationManagementApps.csproj", "{2F9405ED-1075-4F9B-B125-10C5DE36170D}"
EndProject
Global
	GlobalSection(SolutionConfigurationPlatforms) = preSolution
		Debug|Any CPU = Debug|Any CPU
		Release|Any CPU = Release|Any CPU
	EndGlobalSection
	GlobalSection(ProjectConfigurationPlatforms) = postSolution
		{2F9405ED-1075-4F9B-B125-10C5DE36170D}.Debug|Any CPU.ActiveCfg = Debug|Any CPU
		{2F9405ED-1075-4F9B-B125-10C5DE36170D}.Debug|Any CPU.Build.0 = Debug|Any CPU
		{2F9405ED-1075-4F9B-B125-10C5DE36170D}.Release|Any CPU.ActiveCfg = Release|Any CPU
		{2F9405ED-1075-4F9B-B125-10C5DE36170D}.Release|Any CPU.Build.0 = Release|Any CPU
	EndGlobalSection
	GlobalSection(SolutionProperties) = preSolution
		HideSolutionNode = FALSE
	EndGlobalSection
	GlobalSection(ExtensibilityGlobals) = postSolution
		SolutionGuid = {C6B5E59C-70C8-40A1-9C7A-DA48F57E79A9}
	EndGlobalSection
EndGlobal
